[root]
name = "rustabelle"
version = "0.1.0"
dependencies = [
 "itertools 0.4.8 (registry+https://github.com/rust-lang/crates.io-index)",
 "petgraph 0.2.2",
]

[[package]]
name = "fixedbitset"
version = "0.1.0"
source = "registry+https://github.com/rust-lang/crates.io-index"

[[package]]
name = "itertools"
version = "0.4.8"
source = "registry+https://github.com/rust-lang/crates.io-index"

[[package]]
name = "petgraph"
version = "0.2.2"
dependencies = [
 "fixedbitset 0.1.0 (registry+https://github.com/rust-lang/crates.io-index)",
]

