[root]
name = "rustabelle"
version = "0.1.0"
dependencies = [
 "itertools 0.4.0 (registry+https://github.com/rust-lang/crates.io-index)",
 "petgraph 0.1.11",
 "rustc_mir 0.1.0",
]

[[package]]
name = "fixedbitset"
version = "0.0.5"
source = "registry+https://github.com/rust-lang/crates.io-index"

[[package]]
name = "itertools"
version = "0.4.0"
source = "registry+https://github.com/rust-lang/crates.io-index"

[[package]]
name = "petgraph"
version = "0.1.11"
dependencies = [
 "fixedbitset 0.0.5 (registry+https://github.com/rust-lang/crates.io-index)",
]

[[package]]
name = "rustc_mir"
version = "0.1.0"

