[root]
name = "rustabelle"
version = "0.1.0"
dependencies = [
 "itertools 0.4.8 (registry+https://github.com/rust-lang/crates.io-index)",
 "petgraph 0.2.5 (registry+https://github.com/rust-lang/crates.io-index)",
 "toml 0.1.28 (git+https://github.com/alexcrichton/toml-rs)",
]

[[package]]
name = "fixedbitset"
version = "0.1.0"
source = "registry+https://github.com/rust-lang/crates.io-index"

[[package]]
name = "itertools"
version = "0.4.8"
source = "registry+https://github.com/rust-lang/crates.io-index"

[[package]]
name = "petgraph"
version = "0.2.5"
source = "registry+https://github.com/rust-lang/crates.io-index"
dependencies = [
 "fixedbitset 0.1.0 (registry+https://github.com/rust-lang/crates.io-index)",
]

[[package]]
name = "rustc-serialize"
version = "0.3.19"
source = "registry+https://github.com/rust-lang/crates.io-index"

[[package]]
name = "toml"
version = "0.1.28"
source = "git+https://github.com/alexcrichton/toml-rs#ef60313a5db3adc5cd5cc5d15fa6008aea34ca4e"
dependencies = [
 "rustc-serialize 0.3.19 (registry+https://github.com/rust-lang/crates.io-index)",
]

